
Microsoft Visual Studio Solution File, Format Version 12.00
# Visual Studio Version 17
VisualStudioVersion = 17.2.32630.192
MinimumVisualStudioVersion = 10.0.40219.1
Project("{9A19103F-16F7-4668-BE54-9A1E7A4F7556}") = "R5T.F0101.Construction", "R5T.F0101.Construction\R5T.F0101.Construction.csproj", "{CA820C32-ED58-4083-80C9-21DE83AAD6EA}"
EndProject
Project("{9A19103F-16F7-4668-BE54-9A1E7A4F7556}") = "R5T.F0101", "R5T.F0101\R5T.F0101.csproj", "{778FF663-F326-4AB0-8D86-00B58DB38261}"
EndProject
Project("{2150E333-8FDC-42A3-9474-1A3956D46DE8}") = "_Dependencies", "_Dependencies", "{0625B10E-E0CB-4A3B-8651-62ED7C236267}"
EndProject
Project("{9A19103F-16F7-4668-BE54-9A1E7A4F7556}") = "R5T.F0000.T000", "..\..\R5T.F0000\source\R5T.F0000.T000\R5T.F0000.T000.csproj", "{ED9C5B2D-F1A8-40E6-96C0-0020CD8BAFD9}"
EndProject
Project("{9A19103F-16F7-4668-BE54-9A1E7A4F7556}") = "R5T.F0000", "..\..\R5T.F0000\source\R5T.F0000\R5T.F0000.csproj", "{0878B417-A291-4A16-BD7D-F9C913645E8D}"
EndProject
Project("{9A19103F-16F7-4668-BE54-9A1E7A4F7556}") = "R5T.L0053", "..\..\R5T.L0053\source\R5T.L0053\R5T.L0053.csproj", "{9A518D48-F8D4-41F3-ABD8-DA7488A48D84}"
EndProject
Project("{9A19103F-16F7-4668-BE54-9A1E7A4F7556}") = "R5T.L0066", "..\..\R5T.L0066\source\R5T.L0066\R5T.L0066.csproj", "{AF29620A-56B5-463C-BCA7-36B80CCD9D13}"
EndProject
Project("{9A19103F-16F7-4668-BE54-9A1E7A4F7556}") = "R5T.L0071", "..\..\R5T.L0071\source\R5T.L0071\R5T.L0071.csproj", "{12D3E16A-B7B7-43D1-8DD2-847ED9A4B9B9}"
EndProject
Project("{9A19103F-16F7-4668-BE54-9A1E7A4F7556}") = "R5T.NG0017", "..\..\R5T.NG0017\source\R5T.NG0017\R5T.NG0017.csproj", "{CFAB7040-6191-4CD0-8BB9-5ED46033727A}"
EndProject
Project("{9A19103F-16F7-4668-BE54-9A1E7A4F7556}") = "R5T.T0120", "..\..\R5T.T0120\source\R5T.T0120\R5T.T0120.csproj", "{9C151513-7EE4-460C-9C9C-C09816CC21C5}"
EndProject
Project("{9A19103F-16F7-4668-BE54-9A1E7A4F7556}") = "R5T.T0131", "..\..\R5T.T0131\source\R5T.T0131\R5T.T0131.csproj", "{E7D070F6-B019-4492-BB08-0EE81EAEA61E}"
EndProject
Project("{9A19103F-16F7-4668-BE54-9A1E7A4F7556}") = "R5T.T0132", "..\..\R5T.T0132\source\R5T.T0132\R5T.T0132.csproj", "{A791BCBD-9DDF-413E-B955-D308EE665E01}"
EndProject
Project("{9A19103F-16F7-4668-BE54-9A1E7A4F7556}") = "R5T.T0142", "..\..\R5T.T0142\source\R5T.T0142\R5T.T0142.csproj", "{2BD25152-0619-4C55-B919-A2478CCB119D}"
EndProject
Project("{9A19103F-16F7-4668-BE54-9A1E7A4F7556}") = "R5T.T0143", "..\..\R5T.T0143\source\R5T.T0143\R5T.T0143.csproj", "{317B0CCA-1658-4C2F-9D30-5C7B4C8418D0}"
EndProject
Project("{9A19103F-16F7-4668-BE54-9A1E7A4F7556}") = "R5T.T0156", "..\..\R5T.T0156\source\R5T.T0156\R5T.T0156.csproj", "{3F6AD136-2994-4EA9-BA34-C165BB218C63}"
EndProject
Project("{9A19103F-16F7-4668-BE54-9A1E7A4F7556}") = "R5T.T0178", "..\..\R5T.T0178\source\R5T.T0178\R5T.T0178.csproj", "{DD8C581F-D903-498D-99D9-F27BBF681EB8}"
EndProject
Project("{9A19103F-16F7-4668-BE54-9A1E7A4F7556}") = "R5T.T0179", "..\..\R5T.T0179\source\R5T.T0179\R5T.T0179.csproj", "{77F9EDF4-386F-46E3-B6B9-0DA4D4EEC6C5}"
EndProject
Project("{9A19103F-16F7-4668-BE54-9A1E7A4F7556}") = "R5T.T0221", "..\..\R5T.T0221\source\R5T.T0221\R5T.T0221.csproj", "{C179C042-DBE8-47C7-B1A0-1AF808F917F2}"
EndProject
Project("{9A19103F-16F7-4668-BE54-9A1E7A4F7556}") = "R5T.Y0000", "..\..\R5T.Y0000\source\R5T.Y0000\R5T.Y0000.csproj", "{3D950C4F-58CC-4FE3-B797-94879BB46EEC}"
EndProject
Project("{9A19103F-16F7-4668-BE54-9A1E7A4F7556}") = "R5T.Y0006", "..\..\R5T.Y0006\source\R5T.Y0006\R5T.Y0006.csproj", "{13F92D3B-8079-4657-8166-B20DAAACC787}"
EndProject
Project("{9A19103F-16F7-4668-BE54-9A1E7A4F7556}") = "R5T.Z0000", "..\..\R5T.Z0000\source\R5T.Z0000\R5T.Z0000.csproj", "{B7D54384-91F7-4E81-913B-29A116D8AACD}"
EndProject
Project("{9A19103F-16F7-4668-BE54-9A1E7A4F7556}") = "R5T.Z0010.Platform", "..\..\R5T.Z0010\source\R5T.Z0010.Platform\R5T.Z0010.Platform.csproj", "{CB8FA7CC-4D99-4FC2-87A1-E3DBF0256F0A}"
EndProject
Global
	GlobalSection(NestedProjects) = preSolution
		{ED9C5B2D-F1A8-40E6-96C0-0020CD8BAFD9} = {0625B10E-E0CB-4A3B-8651-62ED7C236267}
		{0878B417-A291-4A16-BD7D-F9C913645E8D} = {0625B10E-E0CB-4A3B-8651-62ED7C236267}
		{9A518D48-F8D4-41F3-ABD8-DA7488A48D84} = {0625B10E-E0CB-4A3B-8651-62ED7C236267}
		{AF29620A-56B5-463C-BCA7-36B80CCD9D13} = {0625B10E-E0CB-4A3B-8651-62ED7C236267}
		{12D3E16A-B7B7-43D1-8DD2-847ED9A4B9B9} = {0625B10E-E0CB-4A3B-8651-62ED7C236267}
		{CFAB7040-6191-4CD0-8BB9-5ED46033727A} = {0625B10E-E0CB-4A3B-8651-62ED7C236267}
		{9C151513-7EE4-460C-9C9C-C09816CC21C5} = {0625B10E-E0CB-4A3B-8651-62ED7C236267}
		{E7D070F6-B019-4492-BB08-0EE81EAEA61E} = {0625B10E-E0CB-4A3B-8651-62ED7C236267}
		{A791BCBD-9DDF-413E-B955-D308EE665E01} = {0625B10E-E0CB-4A3B-8651-62ED7C236267}
		{2BD25152-0619-4C55-B919-A2478CCB119D} = {0625B10E-E0CB-4A3B-8651-62ED7C236267}
		{317B0CCA-1658-4C2F-9D30-5C7B4C8418D0} = {0625B10E-E0CB-4A3B-8651-62ED7C236267}
		{3F6AD136-2994-4EA9-BA34-C165BB218C63} = {0625B10E-E0CB-4A3B-8651-62ED7C236267}
		{DD8C581F-D903-498D-99D9-F27BBF681EB8} = {0625B10E-E0CB-4A3B-8651-62ED7C236267}
		{77F9EDF4-386F-46E3-B6B9-0DA4D4EEC6C5} = {0625B10E-E0CB-4A3B-8651-62ED7C236267}
		{C179C042-DBE8-47C7-B1A0-1AF808F917F2} = {0625B10E-E0CB-4A3B-8651-62ED7C236267}
		{3D950C4F-58CC-4FE3-B797-94879BB46EEC} = {0625B10E-E0CB-4A3B-8651-62ED7C236267}
		{13F92D3B-8079-4657-8166-B20DAAACC787} = {0625B10E-E0CB-4A3B-8651-62ED7C236267}
		{B7D54384-91F7-4E81-913B-29A116D8AACD} = {0625B10E-E0CB-4A3B-8651-62ED7C236267}
		{CB8FA7CC-4D99-4FC2-87A1-E3DBF0256F0A} = {0625B10E-E0CB-4A3B-8651-62ED7C236267}
	EndGlobalSection
	GlobalSection(SolutionConfigurationPlatforms) = preSolution
		Debug|Any CPU = Debug|Any CPU
		Release|Any CPU = Release|Any CPU
	EndGlobalSection
	GlobalSection(ProjectConfigurationPlatforms) = postSolution
		{CA820C32-ED58-4083-80C9-21DE83AAD6EA}.Debug|Any CPU.ActiveCfg = Debug|Any CPU
		{CA820C32-ED58-4083-80C9-21DE83AAD6EA}.Debug|Any CPU.Build.0 = Debug|Any CPU
		{CA820C32-ED58-4083-80C9-21DE83AAD6EA}.Release|Any CPU.ActiveCfg = Release|Any CPU
		{CA820C32-ED58-4083-80C9-21DE83AAD6EA}.Release|Any CPU.Build.0 = Release|Any CPU
		{778FF663-F326-4AB0-8D86-00B58DB38261}.Debug|Any CPU.ActiveCfg = Debug|Any CPU
		{778FF663-F326-4AB0-8D86-00B58DB38261}.Debug|Any CPU.Build.0 = Debug|Any CPU
		{778FF663-F326-4AB0-8D86-00B58DB38261}.Release|Any CPU.ActiveCfg = Release|Any CPU
		{778FF663-F326-4AB0-8D86-00B58DB38261}.Release|Any CPU.Build.0 = Release|Any CPU
		{ED9C5B2D-F1A8-40E6-96C0-0020CD8BAFD9}.Debug|Any CPU.ActiveCfg = Debug|Any CPU
		{ED9C5B2D-F1A8-40E6-96C0-0020CD8BAFD9}.Debug|Any CPU.Build.0 = Debug|Any CPU
		{ED9C5B2D-F1A8-40E6-96C0-0020CD8BAFD9}.Release|Any CPU.ActiveCfg = Release|Any CPU
		{ED9C5B2D-F1A8-40E6-96C0-0020CD8BAFD9}.Release|Any CPU.Build.0 = Release|Any CPU
		{0878B417-A291-4A16-BD7D-F9C913645E8D}.Debug|Any CPU.ActiveCfg = Debug|Any CPU
		{0878B417-A291-4A16-BD7D-F9C913645E8D}.Debug|Any CPU.Build.0 = Debug|Any CPU
		{0878B417-A291-4A16-BD7D-F9C913645E8D}.Release|Any CPU.ActiveCfg = Release|Any CPU
		{0878B417-A291-4A16-BD7D-F9C913645E8D}.Release|Any CPU.Build.0 = Release|Any CPU
		{9A518D48-F8D4-41F3-ABD8-DA7488A48D84}.Debug|Any CPU.ActiveCfg = Debug|Any CPU
		{9A518D48-F8D4-41F3-ABD8-DA7488A48D84}.Debug|Any CPU.Build.0 = Debug|Any CPU
		{9A518D48-F8D4-41F3-ABD8-DA7488A48D84}.Release|Any CPU.ActiveCfg = Release|Any CPU
		{9A518D48-F8D4-41F3-ABD8-DA7488A48D84}.Release|Any CPU.Build.0 = Release|Any CPU
		{AF29620A-56B5-463C-BCA7-36B80CCD9D13}.Debug|Any CPU.ActiveCfg = Debug|Any CPU
		{AF29620A-56B5-463C-BCA7-36B80CCD9D13}.Debug|Any CPU.Build.0 = Debug|Any CPU
		{AF29620A-56B5-463C-BCA7-36B80CCD9D13}.Release|Any CPU.ActiveCfg = Release|Any CPU
		{AF29620A-56B5-463C-BCA7-36B80CCD9D13}.Release|Any CPU.Build.0 = Release|Any CPU
		{12D3E16A-B7B7-43D1-8DD2-847ED9A4B9B9}.Debug|Any CPU.ActiveCfg = Debug|Any CPU
		{12D3E16A-B7B7-43D1-8DD2-847ED9A4B9B9}.Debug|Any CPU.Build.0 = Debug|Any CPU
		{12D3E16A-B7B7-43D1-8DD2-847ED9A4B9B9}.Release|Any CPU.ActiveCfg = Release|Any CPU
		{12D3E16A-B7B7-43D1-8DD2-847ED9A4B9B9}.Release|Any CPU.Build.0 = Release|Any CPU
		{CFAB7040-6191-4CD0-8BB9-5ED46033727A}.Debug|Any CPU.ActiveCfg = Debug|Any CPU
		{CFAB7040-6191-4CD0-8BB9-5ED46033727A}.Debug|Any CPU.Build.0 = Debug|Any CPU
		{CFAB7040-6191-4CD0-8BB9-5ED46033727A}.Release|Any CPU.ActiveCfg = Release|Any CPU
		{CFAB7040-6191-4CD0-8BB9-5ED46033727A}.Release|Any CPU.Build.0 = Release|Any CPU
		{9C151513-7EE4-460C-9C9C-C09816CC21C5}.Debug|Any CPU.ActiveCfg = Debug|Any CPU
		{9C151513-7EE4-460C-9C9C-C09816CC21C5}.Debug|Any CPU.Build.0 = Debug|Any CPU
		{9C151513-7EE4-460C-9C9C-C09816CC21C5}.Release|Any CPU.ActiveCfg = Release|Any CPU
		{9C151513-7EE4-460C-9C9C-C09816CC21C5}.Release|Any CPU.Build.0 = Release|Any CPU
		{E7D070F6-B019-4492-BB08-0EE81EAEA61E}.Debug|Any CPU.ActiveCfg = Debug|Any CPU
		{E7D070F6-B019-4492-BB08-0EE81EAEA61E}.Debug|Any CPU.Build.0 = Debug|Any CPU
		{E7D070F6-B019-4492-BB08-0EE81EAEA61E}.Release|Any CPU.ActiveCfg = Release|Any CPU
		{E7D070F6-B019-4492-BB08-0EE81EAEA61E}.Release|Any CPU.Build.0 = Release|Any CPU
		{A791BCBD-9DDF-413E-B955-D308EE665E01}.Debug|Any CPU.ActiveCfg = Debug|Any CPU
		{A791BCBD-9DDF-413E-B955-D308EE665E01}.Debug|Any CPU.Build.0 = Debug|Any CPU
		{A791BCBD-9DDF-413E-B955-D308EE665E01}.Release|Any CPU.ActiveCfg = Release|Any CPU
		{A791BCBD-9DDF-413E-B955-D308EE665E01}.Release|Any CPU.Build.0 = Release|Any CPU
		{2BD25152-0619-4C55-B919-A2478CCB119D}.Debug|Any CPU.ActiveCfg = Debug|Any CPU
		{2BD25152-0619-4C55-B919-A2478CCB119D}.Debug|Any CPU.Build.0 = Debug|Any CPU
		{2BD25152-0619-4C55-B919-A2478CCB119D}.Release|Any CPU.ActiveCfg = Release|Any CPU
		{2BD25152-0619-4C55-B919-A2478CCB119D}.Release|Any CPU.Build.0 = Release|Any CPU
		{317B0CCA-1658-4C2F-9D30-5C7B4C8418D0}.Debug|Any CPU.ActiveCfg = Debug|Any CPU
		{317B0CCA-1658-4C2F-9D30-5C7B4C8418D0}.Debug|Any CPU.Build.0 = Debug|Any CPU
		{317B0CCA-1658-4C2F-9D30-5C7B4C8418D0}.Release|Any CPU.ActiveCfg = Release|Any CPU
		{317B0CCA-1658-4C2F-9D30-5C7B4C8418D0}.Release|Any CPU.Build.0 = Release|Any CPU
		{3F6AD136-2994-4EA9-BA34-C165BB218C63}.Debug|Any CPU.ActiveCfg = Debug|Any CPU
		{3F6AD136-2994-4EA9-BA34-C165BB218C63}.Debug|Any CPU.Build.0 = Debug|Any CPU
		{3F6AD136-2994-4EA9-BA34-C165BB218C63}.Release|Any CPU.ActiveCfg = Release|Any CPU
		{3F6AD136-2994-4EA9-BA34-C165BB218C63}.Release|Any CPU.Build.0 = Release|Any CPU
		{DD8C581F-D903-498D-99D9-F27BBF681EB8}.Debug|Any CPU.ActiveCfg = Debug|Any CPU
		{DD8C581F-D903-498D-99D9-F27BBF681EB8}.Debug|Any CPU.Build.0 = Debug|Any CPU
		{DD8C581F-D903-498D-99D9-F27BBF681EB8}.Release|Any CPU.ActiveCfg = Release|Any CPU
		{DD8C581F-D903-498D-99D9-F27BBF681EB8}.Release|Any CPU.Build.0 = Release|Any CPU
		{77F9EDF4-386F-46E3-B6B9-0DA4D4EEC6C5}.Debug|Any CPU.ActiveCfg = Debug|Any CPU
		{77F9EDF4-386F-46E3-B6B9-0DA4D4EEC6C5}.Debug|Any CPU.Build.0 = Debug|Any CPU
		{77F9EDF4-386F-46E3-B6B9-0DA4D4EEC6C5}.Release|Any CPU.ActiveCfg = Release|Any CPU
		{77F9EDF4-386F-46E3-B6B9-0DA4D4EEC6C5}.Release|Any CPU.Build.0 = Release|Any CPU
		{C179C042-DBE8-47C7-B1A0-1AF808F917F2}.Debug|Any CPU.ActiveCfg = Debug|Any CPU
		{C179C042-DBE8-47C7-B1A0-1AF808F917F2}.Debug|Any CPU.Build.0 = Debug|Any CPU
		{C179C042-DBE8-47C7-B1A0-1AF808F917F2}.Release|Any CPU.ActiveCfg = Release|Any CPU
		{C179C042-DBE8-47C7-B1A0-1AF808F917F2}.Release|Any CPU.Build.0 = Release|Any CPU
		{3D950C4F-58CC-4FE3-B797-94879BB46EEC}.Debug|Any CPU.ActiveCfg = Debug|Any CPU
		{3D950C4F-58CC-4FE3-B797-94879BB46EEC}.Debug|Any CPU.Build.0 = Debug|Any CPU
		{3D950C4F-58CC-4FE3-B797-94879BB46EEC}.Release|Any CPU.ActiveCfg = Release|Any CPU
		{3D950C4F-58CC-4FE3-B797-94879BB46EEC}.Release|Any CPU.Build.0 = Release|Any CPU
		{13F92D3B-8079-4657-8166-B20DAAACC787}.Debug|Any CPU.ActiveCfg = Debug|Any CPU
		{13F92D3B-8079-4657-8166-B20DAAACC787}.Debug|Any CPU.Build.0 = Debug|Any CPU
		{13F92D3B-8079-4657-8166-B20DAAACC787}.Release|Any CPU.ActiveCfg = Release|Any CPU
		{13F92D3B-8079-4657-8166-B20DAAACC787}.Release|Any CPU.Build.0 = Release|Any CPU
		{B7D54384-91F7-4E81-913B-29A116D8AACD}.Debug|Any CPU.ActiveCfg = Debug|Any CPU
		{B7D54384-91F7-4E81-913B-29A116D8AACD}.Debug|Any CPU.Build.0 = Debug|Any CPU
		{B7D54384-91F7-4E81-913B-29A116D8AACD}.Release|Any CPU.ActiveCfg = Release|Any CPU
		{B7D54384-91F7-4E81-913B-29A116D8AACD}.Release|Any CPU.Build.0 = Release|Any CPU
		{CB8FA7CC-4D99-4FC2-87A1-E3DBF0256F0A}.Debug|Any CPU.ActiveCfg = Debug|Any CPU
		{CB8FA7CC-4D99-4FC2-87A1-E3DBF0256F0A}.Debug|Any CPU.Build.0 = Debug|Any CPU
		{CB8FA7CC-4D99-4FC2-87A1-E3DBF0256F0A}.Release|Any CPU.ActiveCfg = Release|Any CPU
		{CB8FA7CC-4D99-4FC2-87A1-E3DBF0256F0A}.Release|Any CPU.Build.0 = Release|Any CPU
	EndGlobalSection
	GlobalSection(SolutionProperties) = preSolution
		HideSolutionNode = FALSE
	EndGlobalSection
	GlobalSection(ExtensibilityGlobals) = postSolution
		SolutionGuid = {E2F3E866-D418-4040-9DBA-C0994207BB61}
	EndGlobalSection
EndGlobal
